// !$*UTF8*$!
{
	archiveVersion = 1;
	classes = {
	};
	objectVersion = 55;
	objects = {

/* Begin PBXBuildFile section */
		C76CE9592899890200B16F98 /* AppDelegate.swift in Sources */ = {isa = PBXBuildFile; fileRef = C76CE9582899890200B16F98 /* AppDelegate.swift */; };
		C76CE95B2899890200B16F98 /* SceneDelegate.swift in Sources */ = {isa = PBXBuildFile; fileRef = C76CE95A2899890200B16F98 /* SceneDelegate.swift */; };
		C76CE95D2899890200B16F98 /* ViewController.swift in Sources */ = {isa = PBXBuildFile; fileRef = C76CE95C2899890200B16F98 /* ViewController.swift */; };
		C76CE9602899890200B16F98 /* Main.storyboard in Resources */ = {isa = PBXBuildFile; fileRef = C76CE95E2899890200B16F98 /* Main.storyboard */; };
		C76CE9622899890600B16F98 /* Assets.xcassets in Resources */ = {isa = PBXBuildFile; fileRef = C76CE9612899890600B16F98 /* Assets.xcassets */; };
		C76CE9652899890600B16F98 /* LaunchScreen.storyboard in Resources */ = {isa = PBXBuildFile; fileRef = C76CE9632899890600B16F98 /* LaunchScreen.storyboard */; };
		C76CE97228998ABA00B16F98 /* SystemConfiguration.framework in Frameworks */ = {isa = PBXBuildFile; fileRef = C76CE97128998ABA00B16F98 /* SystemConfiguration.framework */; };
		C76CE97428998AC300B16F98 /* CoreLocation.framework in Frameworks */ = {isa = PBXBuildFile; fileRef = C76CE97328998AC300B16F98 /* CoreLocation.framework */; };
		C76CE97628998ACD00B16F98 /* QuartzCore.framework in Frameworks */ = {isa = PBXBuildFile; fileRef = C76CE97528998ACD00B16F98 /* QuartzCore.framework */; };
		C76CE97828998AD800B16F98 /* libc++.tbd in Frameworks */ = {isa = PBXBuildFile; fileRef = C76CE97728998AD800B16F98 /* libc++.tbd */; };
		C76CE97A28998AE000B16F98 /* libxml2.tbd in Frameworks */ = {isa = PBXBuildFile; fileRef = C76CE97928998AE000B16F98 /* libxml2.tbd */; };
		C76CE97C28998AE900B16F98 /* libsqlite3.tbd in Frameworks */ = {isa = PBXBuildFile; fileRef = C76CE97B28998AE900B16F98 /* libsqlite3.tbd */; };
		C76CE98128998FB600B16F98 /* Metal.framework in Frameworks */ = {isa = PBXBuildFile; fileRef = C76CE98028998FB600B16F98 /* Metal.framework */; };
		C76CE9D7289E524A00B16F98 /* map_pinup_custom@3x.png in Resources */ = {isa = PBXBuildFile; fileRef = C76CE9B2289E524A00B16F98 /* map_pinup_custom@3x.png */; };
		C76CE9D8289E524A00B16F98 /* map_pin_custom.png in Resources */ = {isa = PBXBuildFile; fileRef = C76CE9B3289E524A00B16F98 /* map_pin_custom.png */; };
		C76CE9D9289E524A00B16F98 /* shadow_balloon.png in Resources */ = {isa = PBXBuildFile; fileRef = C76CE9B4289E524A00B16F98 /* shadow_balloon.png */; };
		C76CE9DA289E524A00B16F98 /* map_pinup.png in Resources */ = {isa = PBXBuildFile; fileRef = C76CE9B5289E524A00B16F98 /* map_pinup.png */; };
		C76CE9DB289E524A00B16F98 /* detail_button.png in Resources */ = {isa = PBXBuildFile; fileRef = C76CE9B6289E524A00B16F98 /* detail_button.png */; };
		C76CE9DC289E524A00B16F98 /* map_pin_custom@3x.png in Resources */ = {isa = PBXBuildFile; fileRef = C76CE9B7289E524A00B16F98 /* map_pin_custom@3x.png */; };
		C76CE9DD289E524A00B16F98 /* map_pinup@3x.png in Resources */ = {isa = PBXBuildFile; fileRef = C76CE9B8289E524A00B16F98 /* map_pinup@3x.png */; };
		C76CE9DE289E524A00B16F98 /* map_pin_shadow@3x.png in Resources */ = {isa = PBXBuildFile; fileRef = C76CE9B9289E524A00B16F98 /* map_pin_shadow@3x.png */; };
		C76CE9DF289E524A00B16F98 /* copyright.png in Resources */ = {isa = PBXBuildFile; fileRef = C76CE9BA289E524A00B16F98 /* copyright.png */; };
		C76CE9E0289E524A00B16F98 /* th_line.png in Resources */ = {isa = PBXBuildFile; fileRef = C76CE9BB289E524A00B16F98 /* th_line.png */; };
		C76CE9E1289E524A00B16F98 /* map_pin_red@3x.png in Resources */ = {isa = PBXBuildFile; fileRef = C76CE9BC289E524A00B16F98 /* map_pin_red@3x.png */; };
		C76CE9E2289E524A00B16F98 /* daum_copyright.png in Resources */ = {isa = PBXBuildFile; fileRef = C76CE9BD289E524A00B16F98 /* daum_copyright.png */; };
		C76CE9E3289E524A00B16F98 /* map_pin@3x.png in Resources */ = {isa = PBXBuildFile; fileRef = C76CE9BE289E524A00B16F98 /* map_pin@3x.png */; };
		C76CE9E4289E524A00B16F98 /* map_present_tracking.png in Resources */ = {isa = PBXBuildFile; fileRef = C76CE9BF289E524A00B16F98 /* map_present_tracking.png */; };
		C76CE9E5289E524A00B16F98 /* map_pin_red.png in Resources */ = {isa = PBXBuildFile; fileRef = C76CE9C0289E524A00B16F98 /* map_pin_red.png */; };
		C76CE9E6289E524A00B16F98 /* info_box.png in Resources */ = {isa = PBXBuildFile; fileRef = C76CE9CA289E524A00B16F98 /* info_box.png */; };
		C76CE9E7289E524A00B16F98 /* point_sprite.png in Resources */ = {isa = PBXBuildFile; fileRef = C76CE9CB289E524A00B16F98 /* point_sprite.png */; };
		C76CE9E8289E524A00B16F98 /* map_pinup_custom.png in Resources */ = {isa = PBXBuildFile; fileRef = C76CE9CC289E524A00B16F98 /* map_pinup_custom.png */; };
		C76CE9E9289E524A00B16F98 /* info_box_tail.png in Resources */ = {isa = PBXBuildFile; fileRef = C76CE9CD289E524A00B16F98 /* info_box_tail.png */; };
		C76CE9EA289E524A00B16F98 /* noimage256.png in Resources */ = {isa = PBXBuildFile; fileRef = C76CE9CE289E524A00B16F98 /* noimage256.png */; };
		C76CE9EB289E524A00B16F98 /* map_present_direction.png in Resources */ = {isa = PBXBuildFile; fileRef = C76CE9CF289E524A00B16F98 /* map_present_direction.png */; };
		C76CE9EC289E524A00B16F98 /* map_pin.png in Resources */ = {isa = PBXBuildFile; fileRef = C76CE9D0289E524A00B16F98 /* map_pin.png */; };
		C76CE9ED289E524A00B16F98 /* map_present.png in Resources */ = {isa = PBXBuildFile; fileRef = C76CE9D1289E524A00B16F98 /* map_present.png */; };
		C76CE9EE289E524A00B16F98 /* noimage.png in Resources */ = {isa = PBXBuildFile; fileRef = C76CE9D2289E524A00B16F98 /* noimage.png */; };
		C76CE9EF289E524A00B16F98 /* map_present_background_update.png in Resources */ = {isa = PBXBuildFile; fileRef = C76CE9D3289E524A00B16F98 /* map_present_background_update.png */; };
		C76CE9F0289E524A00B16F98 /* daum_th_line.png in Resources */ = {isa = PBXBuildFile; fileRef = C76CE9D4289E524A00B16F98 /* daum_th_line.png */; };
		C76CE9F1289E524A00B16F98 /* map_pin_shadow.png in Resources */ = {isa = PBXBuildFile; fileRef = C76CE9D5289E524A00B16F98 /* map_pin_shadow.png */; };
		C76CE9F2289E524A00B16F98 /* DaumMap.framework in Frameworks */ = {isa = PBXBuildFile; fileRef = C76CE9D6289E524A00B16F98 /* DaumMap.framework */; };
/* End PBXBuildFile section */

/* Begin PBXCopyFilesBuildPhase section */
		C76CE98A289E516900B16F98 /* Embed Frameworks */ = {
			isa = PBXCopyFilesBuildPhase;
			buildActionMask = 2147483647;
			dstPath = "";
			dstSubfolderSpec = 10;
			files = (
			);
			name = "Embed Frameworks";
			runOnlyForDeploymentPostprocessing = 0;
		};
/* End PBXCopyFilesBuildPhase section */

/* Begin PBXFileReference section */
		C76CE9552899890200B16F98 /* mapTest.app */ = {isa = PBXFileReference; explicitFileType = wrapper.application; includeInIndex = 0; path = mapTest.app; sourceTree = BUILT_PRODUCTS_DIR; };
		C76CE9582899890200B16F98 /* AppDelegate.swift */ = {isa = PBXFileReference; lastKnownFileType = sourcecode.swift; path = AppDelegate.swift; sourceTree = "<group>"; };
		C76CE95A2899890200B16F98 /* SceneDelegate.swift */ = {isa = PBXFileReference; lastKnownFileType = sourcecode.swift; path = SceneDelegate.swift; sourceTree = "<group>"; };
		C76CE95C2899890200B16F98 /* ViewController.swift */ = {isa = PBXFileReference; lastKnownFileType = sourcecode.swift; path = ViewController.swift; sourceTree = "<group>"; };
		C76CE95F2899890200B16F98 /* Base */ = {isa = PBXFileReference; lastKnownFileType = file.storyboard; name = Base; path = Base.lproj/Main.storyboard; sourceTree = "<group>"; };
		C76CE9612899890600B16F98 /* Assets.xcassets */ = {isa = PBXFileReference; lastKnownFileType = folder.assetcatalog; path = Assets.xcassets; sourceTree = "<group>"; };
		C76CE9642899890600B16F98 /* Base */ = {isa = PBXFileReference; lastKnownFileType = file.storyboard; name = Base; path = Base.lproj/LaunchScreen.storyboard; sourceTree = "<group>"; };
		C76CE9662899890600B16F98 /* Info.plist */ = {isa = PBXFileReference; lastKnownFileType = text.plist.xml; path = Info.plist; sourceTree = "<group>"; };
		C76CE96C289989A300B16F98 /* DaumMap.embeddedframework */ = {isa = PBXFileReference; lastKnownFileType = folder; path = DaumMap.embeddedframework; sourceTree = "<group>"; };
		C76CE97128998ABA00B16F98 /* SystemConfiguration.framework */ = {isa = PBXFileReference; lastKnownFileType = wrapper.framework; name = SystemConfiguration.framework; path = System/Library/Frameworks/SystemConfiguration.framework; sourceTree = SDKROOT; };
		C76CE97328998AC300B16F98 /* CoreLocation.framework */ = {isa = PBXFileReference; lastKnownFileType = wrapper.framework; name = CoreLocation.framework; path = System/Library/Frameworks/CoreLocation.framework; sourceTree = SDKROOT; };
		C76CE97528998ACD00B16F98 /* QuartzCore.framework */ = {isa = PBXFileReference; lastKnownFileType = wrapper.framework; name = QuartzCore.framework; path = System/Library/Frameworks/QuartzCore.framework; sourceTree = SDKROOT; };
		C76CE97728998AD800B16F98 /* libc++.tbd */ = {isa = PBXFileReference; lastKnownFileType = "sourcecode.text-based-dylib-definition"; name = "libc++.tbd"; path = "usr/lib/libc++.tbd"; sourceTree = SDKROOT; };
		C76CE97928998AE000B16F98 /* libxml2.tbd */ = {isa = PBXFileReference; lastKnownFileType = "sourcecode.text-based-dylib-definition"; name = libxml2.tbd; path = usr/lib/libxml2.tbd; sourceTree = SDKROOT; };
		C76CE97B28998AE900B16F98 /* libsqlite3.tbd */ = {isa = PBXFileReference; lastKnownFileType = "sourcecode.text-based-dylib-definition"; name = libsqlite3.tbd; path = usr/lib/libsqlite3.tbd; sourceTree = SDKROOT; };
		C76CE97F28998BD200B16F98 /* Header.h */ = {isa = PBXFileReference; lastKnownFileType = sourcecode.c.h; path = Header.h; sourceTree = "<group>"; };
		C76CE98028998FB600B16F98 /* Metal.framework */ = {isa = PBXFileReference; lastKnownFileType = wrapper.framework; name = Metal.framework; path = System/Library/Frameworks/Metal.framework; sourceTree = SDKROOT; };
		C76CE9B2289E524A00B16F98 /* map_pinup_custom@3x.png */ = {isa = PBXFileReference; lastKnownFileType = image.png; path = "map_pinup_custom@3x.png"; sourceTree = "<group>"; };
		C76CE9B3289E524A00B16F98 /* map_pin_custom.png */ = {isa = PBXFileReference; lastKnownFileType = image.png; path = map_pin_custom.png; sourceTree = "<group>"; };
		C76CE9B4289E524A00B16F98 /* shadow_balloon.png */ = {isa = PBXFileReference; lastKnownFileType = image.png; path = shadow_balloon.png; sourceTree = "<group>"; };
		C76CE9B5289E524A00B16F98 /* map_pinup.png */ = {isa = PBXFileReference; lastKnownFileType = image.png; path = map_pinup.png; sourceTree = "<group>"; };
		C76CE9B6289E524A00B16F98 /* detail_button.png */ = {isa = PBXFileReference; lastKnownFileType = image.png; path = detail_button.png; sourceTree = "<group>"; };
		C76CE9B7289E524A00B16F98 /* map_pin_custom@3x.png */ = {isa = PBXFileReference; lastKnownFileType = image.png; path = "map_pin_custom@3x.png"; sourceTree = "<group>"; };
		C76CE9B8289E524A00B16F98 /* map_pinup@3x.png */ = {isa = PBXFileReference; lastKnownFileType = image.png; path = "map_pinup@3x.png"; sourceTree = "<group>"; };
		C76CE9B9289E524A00B16F98 /* map_pin_shadow@3x.png */ = {isa = PBXFileReference; lastKnownFileType = image.png; path = "map_pin_shadow@3x.png"; sourceTree = "<group>"; };
		C76CE9BA289E524A00B16F98 /* copyright.png */ = {isa = PBXFileReference; lastKnownFileType = image.png; path = copyright.png; sourceTree = "<group>"; };
		C76CE9BB289E524A00B16F98 /* th_line.png */ = {isa = PBXFileReference; lastKnownFileType = image.png; path = th_line.png; sourceTree = "<group>"; };
		C76CE9BC289E524A00B16F98 /* map_pin_red@3x.png */ = {isa = PBXFileReference; lastKnownFileType = image.png; path = "map_pin_red@3x.png"; sourceTree = "<group>"; };
		C76CE9BD289E524A00B16F98 /* daum_copyright.png */ = {isa = PBXFileReference; lastKnownFileType = image.png; path = daum_copyright.png; sourceTree = "<group>"; };
		C76CE9BE289E524A00B16F98 /* map_pin@3x.png */ = {isa = PBXFileReference; lastKnownFileType = image.png; path = "map_pin@3x.png"; sourceTree = "<group>"; };
		C76CE9BF289E524A00B16F98 /* map_present_tracking.png */ = {isa = PBXFileReference; lastKnownFileType = image.png; path = map_present_tracking.png; sourceTree = "<group>"; };
		C76CE9C0289E524A00B16F98 /* map_pin_red.png */ = {isa = PBXFileReference; lastKnownFileType = image.png; path = map_pin_red.png; sourceTree = "<group>"; };
		C76CE9C2289E524A00B16F98 /* MTMapPOIItem.h */ = {isa = PBXFileReference; fileEncoding = 4; lastKnownFileType = sourcecode.c.h; path = MTMapPOIItem.h; sourceTree = "<group>"; };
		C76CE9C3289E524A00B16F98 /* MTMapCameraUpdate.h */ = {isa = PBXFileReference; fileEncoding = 4; lastKnownFileType = sourcecode.c.h; path = MTMapCameraUpdate.h; sourceTree = "<group>"; };
		C76CE9C4289E524A00B16F98 /* MTMapReverseGeoCoder.h */ = {isa = PBXFileReference; fileEncoding = 4; lastKnownFileType = sourcecode.c.h; path = MTMapReverseGeoCoder.h; sourceTree = "<group>"; };
		C76CE9C5289E524A00B16F98 /* MTMapPolyline.h */ = {isa = PBXFileReference; fileEncoding = 4; lastKnownFileType = sourcecode.c.h; path = MTMapPolyline.h; sourceTree = "<group>"; };
		C76CE9C6289E524A00B16F98 /* MTMapLocationMarkerItem.h */ = {isa = PBXFileReference; fileEncoding = 4; lastKnownFileType = sourcecode.c.h; path = MTMapLocationMarkerItem.h; sourceTree = "<group>"; };
		C76CE9C7289E524A00B16F98 /* MTMapView.h */ = {isa = PBXFileReference; fileEncoding = 4; lastKnownFileType = sourcecode.c.h; path = MTMapView.h; sourceTree = "<group>"; };
		C76CE9C8289E524A00B16F98 /* MTMapGeometry.h */ = {isa = PBXFileReference; fileEncoding = 4; lastKnownFileType = sourcecode.c.h; path = MTMapGeometry.h; sourceTree = "<group>"; };
		C76CE9C9289E524A00B16F98 /* MTMapCircle.h */ = {isa = PBXFileReference; fileEncoding = 4; lastKnownFileType = sourcecode.c.h; path = MTMapCircle.h; sourceTree = "<group>"; };
		C76CE9CA289E524A00B16F98 /* info_box.png */ = {isa = PBXFileReference; lastKnownFileType = image.png; path = info_box.png; sourceTree = "<group>"; };
		C76CE9CB289E524A00B16F98 /* point_sprite.png */ = {isa = PBXFileReference; lastKnownFileType = image.png; path = point_sprite.png; sourceTree = "<group>"; };
		C76CE9CC289E524A00B16F98 /* map_pinup_custom.png */ = {isa = PBXFileReference; lastKnownFileType = image.png; path = map_pinup_custom.png; sourceTree = "<group>"; };
		C76CE9CD289E524A00B16F98 /* info_box_tail.png */ = {isa = PBXFileReference; lastKnownFileType = image.png; path = info_box_tail.png; sourceTree = "<group>"; };
		C76CE9CE289E524A00B16F98 /* noimage256.png */ = {isa = PBXFileReference; lastKnownFileType = image.png; path = noimage256.png; sourceTree = "<group>"; };
		C76CE9CF289E524A00B16F98 /* map_present_direction.png */ = {isa = PBXFileReference; lastKnownFileType = image.png; path = map_present_direction.png; sourceTree = "<group>"; };
		C76CE9D0289E524A00B16F98 /* map_pin.png */ = {isa = PBXFileReference; lastKnownFileType = image.png; path = map_pin.png; sourceTree = "<group>"; };
		C76CE9D1289E524A00B16F98 /* map_present.png */ = {isa = PBXFileReference; lastKnownFileType = image.png; path = map_present.png; sourceTree = "<group>"; };
		C76CE9D2289E524A00B16F98 /* noimage.png */ = {isa = PBXFileReference; lastKnownFileType = image.png; path = noimage.png; sourceTree = "<group>"; };
		C76CE9D3289E524A00B16F98 /* map_present_background_update.png */ = {isa = PBXFileReference; lastKnownFileType = image.png; path = map_present_background_update.png; sourceTree = "<group>"; };
		C76CE9D4289E524A00B16F98 /* daum_th_line.png */ = {isa = PBXFileReference; lastKnownFileType = image.png; path = daum_th_line.png; sourceTree = "<group>"; };
		C76CE9D5289E524A00B16F98 /* map_pin_shadow.png */ = {isa = PBXFileReference; lastKnownFileType = image.png; path = map_pin_shadow.png; sourceTree = "<group>"; };
		C76CE9D6289E524A00B16F98 /* DaumMap.framework */ = {isa = PBXFileReference; lastKnownFileType = wrapper.framework; path = DaumMap.framework; sourceTree = "<group>"; };
/* End PBXFileReference section */

/* Begin PBXFrameworksBuildPhase section */
		C76CE9522899890200B16F98 /* Frameworks */ = {
			isa = PBXFrameworksBuildPhase;
			buildActionMask = 2147483647;
			files = (
				C76CE97C28998AE900B16F98 /* libsqlite3.tbd in Frameworks */,
				C76CE97A28998AE000B16F98 /* libxml2.tbd in Frameworks */,
				C76CE9F2289E524A00B16F98 /* DaumMap.framework in Frameworks */,
				C76CE97828998AD800B16F98 /* libc++.tbd in Frameworks */,
				C76CE97628998ACD00B16F98 /* QuartzCore.framework in Frameworks */,
				C76CE97428998AC300B16F98 /* CoreLocation.framework in Frameworks */,
				C76CE97228998ABA00B16F98 /* SystemConfiguration.framework in Frameworks */,
				C76CE98128998FB600B16F98 /* Metal.framework in Frameworks */,
			);
			runOnlyForDeploymentPostprocessing = 0;
		};
/* End PBXFrameworksBuildPhase section */

/* Begin PBXGroup section */
		C76CE94C2899890200B16F98 = {
			isa = PBXGroup;
			children = (
				C76CE97F28998BD200B16F98 /* Header.h */,
				C76CE9572899890200B16F98 /* mapTest */,
				C76CE9562899890200B16F98 /* Products */,
				C76CE96E28998AB000B16F98 /* Frameworks */,
			);
			sourceTree = "<group>";
		};
		C76CE9562899890200B16F98 /* Products */ = {
			isa = PBXGroup;
			children = (
				C76CE9552899890200B16F98 /* mapTest.app */,
			);
			name = Products;
			sourceTree = "<group>";
		};
		C76CE9572899890200B16F98 /* mapTest */ = {
			isa = PBXGroup;
			children = (
				C76CE9582899890200B16F98 /* AppDelegate.swift */,
				C76CE95A2899890200B16F98 /* SceneDelegate.swift */,
				C76CE95C2899890200B16F98 /* ViewController.swift */,
				C76CE95E2899890200B16F98 /* Main.storyboard */,
				C76CE9612899890600B16F98 /* Assets.xcassets */,
				C76CE9632899890600B16F98 /* LaunchScreen.storyboard */,
				C76CE9662899890600B16F98 /* Info.plist */,
				C76CE96C289989A300B16F98 /* DaumMap.embeddedframework */,
			);
			path = mapTest;
			sourceTree = "<group>";
		};
		C76CE96E28998AB000B16F98 /* Frameworks */ = {
			isa = PBXGroup;
			children = (
				C76CE9B0289E524A00B16F98 /* DaumMap.embeddedframework */,
				C76CE98028998FB600B16F98 /* Metal.framework */,
				C76CE97B28998AE900B16F98 /* libsqlite3.tbd */,
				C76CE97928998AE000B16F98 /* libxml2.tbd */,
				C76CE97728998AD800B16F98 /* libc++.tbd */,
				C76CE97528998ACD00B16F98 /* QuartzCore.framework */,
				C76CE97328998AC300B16F98 /* CoreLocation.framework */,
				C76CE97128998ABA00B16F98 /* SystemConfiguration.framework */,
			);
			name = Frameworks;
			sourceTree = "<group>";
		};
		C76CE9B0289E524A00B16F98 /* DaumMap.embeddedframework */ = {
			isa = PBXGroup;
			children = (
				C76CE9B1289E524A00B16F98 /* Resources */,
				C76CE9D6289E524A00B16F98 /* DaumMap.framework */,
			);
			name = DaumMap.embeddedframework;
			path = ../IOS_DaumMap_SDK_1.4.0/lib/DaumMap.embeddedframework;
			sourceTree = "<group>";
		};
		C76CE9B1289E524A00B16F98 /* Resources */ = {
			isa = PBXGroup;
			children = (
				C76CE9B2289E524A00B16F98 /* map_pinup_custom@3x.png */,
				C76CE9B3289E524A00B16F98 /* map_pin_custom.png */,
				C76CE9B4289E524A00B16F98 /* shadow_balloon.png */,
				C76CE9B5289E524A00B16F98 /* map_pinup.png */,
				C76CE9B6289E524A00B16F98 /* detail_button.png */,
				C76CE9B7289E524A00B16F98 /* map_pin_custom@3x.png */,
				C76CE9B8289E524A00B16F98 /* map_pinup@3x.png */,
				C76CE9B9289E524A00B16F98 /* map_pin_shadow@3x.png */,
				C76CE9BA289E524A00B16F98 /* copyright.png */,
				C76CE9BB289E524A00B16F98 /* th_line.png */,
				C76CE9BC289E524A00B16F98 /* map_pin_red@3x.png */,
				C76CE9BD289E524A00B16F98 /* daum_copyright.png */,
				C76CE9BE289E524A00B16F98 /* map_pin@3x.png */,
				C76CE9BF289E524A00B16F98 /* map_present_tracking.png */,
				C76CE9C0289E524A00B16F98 /* map_pin_red.png */,
				C76CE9C1289E524A00B16F98 /* Headers */,
				C76CE9CA289E524A00B16F98 /* info_box.png */,
				C76CE9CB289E524A00B16F98 /* point_sprite.png */,
				C76CE9CC289E524A00B16F98 /* map_pinup_custom.png */,
				C76CE9CD289E524A00B16F98 /* info_box_tail.png */,
				C76CE9CE289E524A00B16F98 /* noimage256.png */,
				C76CE9CF289E524A00B16F98 /* map_present_direction.png */,
				C76CE9D0289E524A00B16F98 /* map_pin.png */,
				C76CE9D1289E524A00B16F98 /* map_present.png */,
				C76CE9D2289E524A00B16F98 /* noimage.png */,
				C76CE9D3289E524A00B16F98 /* map_present_background_update.png */,
				C76CE9D4289E524A00B16F98 /* daum_th_line.png */,
				C76CE9D5289E524A00B16F98 /* map_pin_shadow.png */,
			);
			path = Resources;
			sourceTree = "<group>";
		};
		C76CE9C1289E524A00B16F98 /* Headers */ = {
			isa = PBXGroup;
			children = (
				C76CE9C2289E524A00B16F98 /* MTMapPOIItem.h */,
				C76CE9C3289E524A00B16F98 /* MTMapCameraUpdate.h */,
				C76CE9C4289E524A00B16F98 /* MTMapReverseGeoCoder.h */,
				C76CE9C5289E524A00B16F98 /* MTMapPolyline.h */,
				C76CE9C6289E524A00B16F98 /* MTMapLocationMarkerItem.h */,
				C76CE9C7289E524A00B16F98 /* MTMapView.h */,
				C76CE9C8289E524A00B16F98 /* MTMapGeometry.h */,
				C76CE9C9289E524A00B16F98 /* MTMapCircle.h */,
			);
			path = Headers;
			sourceTree = "<group>";
		};
/* End PBXGroup section */

/* Begin PBXNativeTarget section */
		C76CE9542899890200B16F98 /* mapTest */ = {
			isa = PBXNativeTarget;
			buildConfigurationList = C76CE9692899890600B16F98 /* Build configuration list for PBXNativeTarget "mapTest" */;
			buildPhases = (
				C76CE9512899890200B16F98 /* Sources */,
				C76CE9522899890200B16F98 /* Frameworks */,
				C76CE9532899890200B16F98 /* Resources */,
				C76CE98A289E516900B16F98 /* Embed Frameworks */,
			);
			buildRules = (
			);
			dependencies = (
			);
			name = mapTest;
			productName = mapTest;
			productReference = C76CE9552899890200B16F98 /* mapTest.app */;
			productType = "com.apple.product-type.application";
		};
/* End PBXNativeTarget section */

/* Begin PBXProject section */
		C76CE94D2899890200B16F98 /* Project object */ = {
			isa = PBXProject;
			attributes = {
				BuildIndependentTargetsInParallel = 1;
				LastSwiftUpdateCheck = 1340;
				LastUpgradeCheck = 1340;
				TargetAttributes = {
					C76CE9542899890200B16F98 = {
						CreatedOnToolsVersion = 13.4.1;
					};
				};
			};
			buildConfigurationList = C76CE9502899890200B16F98 /* Build configuration list for PBXProject "mapTest" */;
			compatibilityVersion = "Xcode 13.0";
			developmentRegion = en;
			hasScannedForEncodings = 0;
			knownRegions = (
				en,
				Base,
			);
			mainGroup = C76CE94C2899890200B16F98;
			productRefGroup = C76CE9562899890200B16F98 /* Products */;
			projectDirPath = "";
			projectRoot = "";
			targets = (
				C76CE9542899890200B16F98 /* mapTest */,
			);
		};
/* End PBXProject section */

/* Begin PBXResourcesBuildPhase section */
		C76CE9532899890200B16F98 /* Resources */ = {
			isa = PBXResourcesBuildPhase;
			buildActionMask = 2147483647;
			files = (
				C76CE9ED289E524A00B16F98 /* map_present.png in Resources */,
				C76CE9E3289E524A00B16F98 /* map_pin@3x.png in Resources */,
				C76CE9E1289E524A00B16F98 /* map_pin_red@3x.png in Resources */,
				C76CE9EC289E524A00B16F98 /* map_pin.png in Resources */,
				C76CE9E5289E524A00B16F98 /* map_pin_red.png in Resources */,
				C76CE9D7289E524A00B16F98 /* map_pinup_custom@3x.png in Resources */,
				C76CE9DF289E524A00B16F98 /* copyright.png in Resources */,
				C76CE9DE289E524A00B16F98 /* map_pin_shadow@3x.png in Resources */,
				C76CE9652899890600B16F98 /* LaunchScreen.storyboard in Resources */,
				C76CE9E2289E524A00B16F98 /* daum_copyright.png in Resources */,
				C76CE9E6289E524A00B16F98 /* info_box.png in Resources */,
				C76CE9DC289E524A00B16F98 /* map_pin_custom@3x.png in Resources */,
				C76CE9F1289E524A00B16F98 /* map_pin_shadow.png in Resources */,
				C76CE9E4289E524A00B16F98 /* map_present_tracking.png in Resources */,
				C76CE9DB289E524A00B16F98 /* detail_button.png in Resources */,
				C76CE9EE289E524A00B16F98 /* noimage.png in Resources */,
				C76CE9E0289E524A00B16F98 /* th_line.png in Resources */,
				C76CE9E9289E524A00B16F98 /* info_box_tail.png in Resources */,
				C76CE9D8289E524A00B16F98 /* map_pin_custom.png in Resources */,
				C76CE9E8289E524A00B16F98 /* map_pinup_custom.png in Resources */,
				C76CE9DD289E524A00B16F98 /* map_pinup@3x.png in Resources */,
				C76CE9E7289E524A00B16F98 /* point_sprite.png in Resources */,
				C76CE9EF289E524A00B16F98 /* map_present_background_update.png in Resources */,
				C76CE9EB289E524A00B16F98 /* map_present_direction.png in Resources */,
				C76CE9EA289E524A00B16F98 /* noimage256.png in Resources */,
				C76CE9D9289E524A00B16F98 /* shadow_balloon.png in Resources */,
				C76CE9622899890600B16F98 /* Assets.xcassets in Resources */,
				C76CE9602899890200B16F98 /* Main.storyboard in Resources */,
				C76CE9F0289E524A00B16F98 /* daum_th_line.png in Resources */,
				C76CE9DA289E524A00B16F98 /* map_pinup.png in Resources */,
			);
			runOnlyForDeploymentPostprocessing = 0;
		};
/* End PBXResourcesBuildPhase section */

/* Begin PBXSourcesBuildPhase section */
		C76CE9512899890200B16F98 /* Sources */ = {
			isa = PBXSourcesBuildPhase;
			buildActionMask = 2147483647;
			files = (
				C76CE95D2899890200B16F98 /* ViewController.swift in Sources */,
				C76CE9592899890200B16F98 /* AppDelegate.swift in Sources */,
				C76CE95B2899890200B16F98 /* SceneDelegate.swift in Sources */,
			);
			runOnlyForDeploymentPostprocessing = 0;
		};
/* End PBXSourcesBuildPhase section */

/* Begin PBXVariantGroup section */
		C76CE95E2899890200B16F98 /* Main.storyboard */ = {
			isa = PBXVariantGroup;
			children = (
				C76CE95F2899890200B16F98 /* Base */,
			);
			name = Main.storyboard;
			sourceTree = "<group>";
		};
		C76CE9632899890600B16F98 /* LaunchScreen.storyboard */ = {
			isa = PBXVariantGroup;
			children = (
				C76CE9642899890600B16F98 /* Base */,
			);
			name = LaunchScreen.storyboard;
			sourceTree = "<group>";
		};
/* End PBXVariantGroup section */

/* Begin XCBuildConfiguration section */
		C76CE9672899890600B16F98 /* Debug */ = {
			isa = XCBuildConfiguration;
			buildSettings = {
				ALWAYS_SEARCH_USER_PATHS = NO;
				CLANG_ANALYZER_NONNULL = YES;
				CLANG_ANALYZER_NUMBER_OBJECT_CONVERSION = YES_AGGRESSIVE;
				CLANG_CXX_LANGUAGE_STANDARD = "gnu++17";
				CLANG_ENABLE_MODULES = YES;
				CLANG_ENABLE_OBJC_ARC = YES;
				CLANG_ENABLE_OBJC_WEAK = YES;
				CLANG_WARN_BLOCK_CAPTURE_AUTORELEASING = YES;
				CLANG_WARN_BOOL_CONVERSION = YES;
				CLANG_WARN_COMMA = YES;
				CLANG_WARN_CONSTANT_CONVERSION = YES;
				CLANG_WARN_DEPRECATED_OBJC_IMPLEMENTATIONS = YES;
				CLANG_WARN_DIRECT_OBJC_ISA_USAGE = YES_ERROR;
				CLANG_WARN_DOCUMENTATION_COMMENTS = YES;
				CLANG_WARN_EMPTY_BODY = YES;
				CLANG_WARN_ENUM_CONVERSION = YES;
				CLANG_WARN_INFINITE_RECURSION = YES;
				CLANG_WARN_INT_CONVERSION = YES;
				CLANG_WARN_NON_LITERAL_NULL_CONVERSION = YES;
				CLANG_WARN_OBJC_IMPLICIT_RETAIN_SELF = YES;
				CLANG_WARN_OBJC_LITERAL_CONVERSION = YES;
				CLANG_WARN_OBJC_ROOT_CLASS = YES_ERROR;
				CLANG_WARN_QUOTED_INCLUDE_IN_FRAMEWORK_HEADER = YES;
				CLANG_WARN_RANGE_LOOP_ANALYSIS = YES;
				CLANG_WARN_STRICT_PROTOTYPES = YES;
				CLANG_WARN_SUSPICIOUS_MOVE = YES;
				CLANG_WARN_UNGUARDED_AVAILABILITY = YES_AGGRESSIVE;
				CLANG_WARN_UNREACHABLE_CODE = YES;
				CLANG_WARN__DUPLICATE_METHOD_MATCH = YES;
				COPY_PHASE_STRIP = NO;
				DEBUG_INFORMATION_FORMAT = dwarf;
				ENABLE_STRICT_OBJC_MSGSEND = YES;
				ENABLE_TESTABILITY = YES;
				GCC_C_LANGUAGE_STANDARD = gnu11;
				GCC_DYNAMIC_NO_PIC = NO;
				GCC_NO_COMMON_BLOCKS = YES;
				GCC_OPTIMIZATION_LEVEL = 0;
				GCC_PREPROCESSOR_DEFINITIONS = (
					"DEBUG=1",
					"$(inherited)",
				);
				GCC_WARN_64_TO_32_BIT_CONVERSION = YES;
				GCC_WARN_ABOUT_RETURN_TYPE = YES_ERROR;
				GCC_WARN_UNDECLARED_SELECTOR = YES;
				GCC_WARN_UNINITIALIZED_AUTOS = YES_AGGRESSIVE;
				GCC_WARN_UNUSED_FUNCTION = YES;
				GCC_WARN_UNUSED_VARIABLE = YES;
				IPHONEOS_DEPLOYMENT_TARGET = 15.5;
				MTL_ENABLE_DEBUG_INFO = INCLUDE_SOURCE;
				MTL_FAST_MATH = YES;
				ONLY_ACTIVE_ARCH = YES;
				SDKROOT = iphoneos;
				SWIFT_ACTIVE_COMPILATION_CONDITIONS = DEBUG;
				SWIFT_OPTIMIZATION_LEVEL = "-Onone";
			};
			name = Debug;
		};
		C76CE9682899890600B16F98 /* Release */ = {
			isa = XCBuildConfiguration;
			buildSettings = {
				ALWAYS_SEARCH_USER_PATHS = NO;
				CLANG_ANALYZER_NONNULL = YES;
				CLANG_ANALYZER_NUMBER_OBJECT_CONVERSION = YES_AGGRESSIVE;
				CLANG_CXX_LANGUAGE_STANDARD = "gnu++17";
				CLANG_ENABLE_MODULES = YES;
				CLANG_ENABLE_OBJC_ARC = YES;
				CLANG_ENABLE_OBJC_WEAK = YES;
				CLANG_WARN_BLOCK_CAPTURE_AUTORELEASING = YES;
				CLANG_WARN_BOOL_CONVERSION = YES;
				CLANG_WARN_COMMA = YES;
				CLANG_WARN_CONSTANT_CONVERSION = YES;
				CLANG_WARN_DEPRECATED_OBJC_IMPLEMENTATIONS = YES;
				CLANG_WARN_DIRECT_OBJC_ISA_USAGE = YES_ERROR;
				CLANG_WARN_DOCUMENTATION_COMMENTS = YES;
				CLANG_WARN_EMPTY_BODY = YES;
				CLANG_WARN_ENUM_CONVERSION = YES;
				CLANG_WARN_INFINITE_RECURSION = YES;
				CLANG_WARN_INT_CONVERSION = YES;
				CLANG_WARN_NON_LITERAL_NULL_CONVERSION = YES;
				CLANG_WARN_OBJC_IMPLICIT_RETAIN_SELF = YES;
				CLANG_WARN_OBJC_LITERAL_CONVERSION = YES;
				CLANG_WARN_OBJC_ROOT_CLASS = YES_ERROR;
				CLANG_WARN_QUOTED_INCLUDE_IN_FRAMEWORK_HEADER = YES;
				CLANG_WARN_RANGE_LOOP_ANALYSIS = YES;
				CLANG_WARN_STRICT_PROTOTYPES = YES;
				CLANG_WARN_SUSPICIOUS_MOVE = YES;
				CLANG_WARN_UNGUARDED_AVAILABILITY = YES_AGGRESSIVE;
				CLANG_WARN_UNREACHABLE_CODE = YES;
				CLANG_WARN__DUPLICATE_METHOD_MATCH = YES;
				COPY_PHASE_STRIP = NO;
				DEBUG_INFORMATION_FORMAT = "dwarf-with-dsym";
				ENABLE_NS_ASSERTIONS = NO;
				ENABLE_STRICT_OBJC_MSGSEND = YES;
				GCC_C_LANGUAGE_STANDARD = gnu11;
				GCC_NO_COMMON_BLOCKS = YES;
				GCC_WARN_64_TO_32_BIT_CONVERSION = YES;
				GCC_WARN_ABOUT_RETURN_TYPE = YES_ERROR;
				GCC_WARN_UNDECLARED_SELECTOR = YES;
				GCC_WARN_UNINITIALIZED_AUTOS = YES_AGGRESSIVE;
				GCC_WARN_UNUSED_FUNCTION = YES;
				GCC_WARN_UNUSED_VARIABLE = YES;
				IPHONEOS_DEPLOYMENT_TARGET = 15.5;
				MTL_ENABLE_DEBUG_INFO = NO;
				MTL_FAST_MATH = YES;
				SDKROOT = iphoneos;
				SWIFT_COMPILATION_MODE = wholemodule;
				SWIFT_OPTIMIZATION_LEVEL = "-O";
				VALIDATE_PRODUCT = YES;
			};
			name = Release;
		};
		C76CE96A2899890600B16F98 /* Debug */ = {
			isa = XCBuildConfiguration;
			buildSettings = {
				ASSETCATALOG_COMPILER_APPICON_NAME = AppIcon;
				ASSETCATALOG_COMPILER_GLOBAL_ACCENT_COLOR_NAME = AccentColor;
				CLANG_ENABLE_OBJC_ARC = NO;
				CODE_SIGN_STYLE = Automatic;
				CURRENT_PROJECT_VERSION = 1;
				DEVELOPMENT_TEAM = 6MUPBPQFU7;
				FRAMEWORK_SEARCH_PATHS = (
					"$(inherited)",
					"$(PROJECT_DIR)",
					"$(PROJECT_DIR)/DaumMap.embeddedframework",
				);
				GENERATE_INFOPLIST_FILE = YES;
				INFOPLIST_FILE = mapTest/Info.plist;
				INFOPLIST_KEY_UIApplicationSupportsIndirectInputEvents = YES;
				INFOPLIST_KEY_UILaunchStoryboardName = LaunchScreen;
				INFOPLIST_KEY_UIMainStoryboardFile = Main;
				INFOPLIST_KEY_UISupportedInterfaceOrientations_iPad = "UIInterfaceOrientationPortrait UIInterfaceOrientationPortraitUpsideDown UIInterfaceOrientationLandscapeLeft UIInterfaceOrientationLandscapeRight";
				INFOPLIST_KEY_UISupportedInterfaceOrientations_iPhone = "UIInterfaceOrientationPortrait UIInterfaceOrientationLandscapeLeft UIInterfaceOrientationLandscapeRight";
				LD_RUNPATH_SEARCH_PATHS = (
					"$(inherited)",
					"@executable_path/Frameworks",
				);
				MARKETING_VERSION = 1.0;
				PRODUCT_BUNDLE_IDENTIFIER = com.yourcompany.mapTestyj;
				PRODUCT_NAME = "$(TARGET_NAME)";
				SWIFT_EMIT_LOC_STRINGS = YES;
				SWIFT_OBJC_BRIDGING_HEADER = /Users/yujeong/Desktop/mapTest/Header.h;
				SWIFT_VERSION = 5.0;
				TARGETED_DEVICE_FAMILY = "1,2";
			};
			name = Debug;
		};
		C76CE96B2899890600B16F98 /* Release */ = {
			isa = XCBuildConfiguration;
			buildSettings = {
				ASSETCATALOG_COMPILER_APPICON_NAME = AppIcon;
				ASSETCATALOG_COMPILER_GLOBAL_ACCENT_COLOR_NAME = AccentColor;
				CLANG_ENABLE_OBJC_ARC = NO;
				CODE_SIGN_STYLE = Automatic;
				CURRENT_PROJECT_VERSION = 1;
				DEVELOPMENT_TEAM = 6MUPBPQFU7;
				FRAMEWORK_SEARCH_PATHS = (
					"$(inherited)",
					"$(PROJECT_DIR)",
					"$(PROJECT_DIR)/DaumMap.embeddedframework",
				);
				GENERATE_INFOPLIST_FILE = YES;
				INFOPLIST_FILE = mapTest/Info.plist;
				INFOPLIST_KEY_UIApplicationSupportsIndirectInputEvents = YES;
				INFOPLIST_KEY_UILaunchStoryboardName = LaunchScreen;
				INFOPLIST_KEY_UIMainStoryboardFile = Main;
				INFOPLIST_KEY_UISupportedInterfaceOrientations_iPad = "UIInterfaceOrientationPortrait UIInterfaceOrientationPortraitUpsideDown UIInterfaceOrientationLandscapeLeft UIInterfaceOrientationLandscapeRight";
				INFOPLIST_KEY_UISupportedInterfaceOrientations_iPhone = "UIInterfaceOrientationPortrait UIInterfaceOrientationLandscapeLeft UIInterfaceOrientationLandscapeRight";
				LD_RUNPATH_SEARCH_PATHS = (
					"$(inherited)",
					"@executable_path/Frameworks",
				);
				MARKETING_VERSION = 1.0;
				PRODUCT_BUNDLE_IDENTIFIER = com.yourcompany.mapTestyj;
				PRODUCT_NAME = "$(TARGET_NAME)";
				SWIFT_EMIT_LOC_STRINGS = YES;
				SWIFT_OBJC_BRIDGING_HEADER = /Users/yujeong/Desktop/mapTest/Header.h;
				SWIFT_VERSION = 5.0;
				TARGETED_DEVICE_FAMILY = "1,2";
			};
			name = Release;
		};
/* End XCBuildConfiguration section */

/* Begin XCConfigurationList section */
		C76CE9502899890200B16F98 /* Build configuration list for PBXProject "mapTest" */ = {
			isa = XCConfigurationList;
			buildConfigurations = (
				C76CE9672899890600B16F98 /* Debug */,
				C76CE9682899890600B16F98 /* Release */,
			);
			defaultConfigurationIsVisible = 0;
			defaultConfigurationName = Release;
		};
		C76CE9692899890600B16F98 /* Build configuration list for PBXNativeTarget "mapTest" */ = {
			isa = XCConfigurationList;
			buildConfigurations = (
				C76CE96A2899890600B16F98 /* Debug */,
				C76CE96B2899890600B16F98 /* Release */,
			);
			defaultConfigurationIsVisible = 0;
			defaultConfigurationName = Release;
		};
/* End XCConfigurationList section */
	};
	rootObject = C76CE94D2899890200B16F98 /* Project object */;
}
